Microsoft Visual Studio Solution File, Format Version 12.00
# Visual Studio Version 17
VisualStudioVersion = 17.5.2.0
MinimumVisualStudioVersion = 10.0.40219.1
Project("{FAE04EC0-301F-11D3-BF4B-00C04F79EFBC}") = "SecondLaboratory_ADFGVX", "SecondLaboratory_ADFGVX.csproj", "{7372E0BD-A0A5-5B78-C8C6-3EC7C4996E16}"
EndProject
Global
	GlobalSection(SolutionConfigurationPlatforms) = preSolution
		Debug|Any CPU = Debug|Any CPU
		Release|Any CPU = Release|Any CPU
	EndGlobalSection
	GlobalSection(ProjectConfigurationPlatforms) = postSolution
		{7372E0BD-A0A5-5B78-C8C6-3EC7C4996E16}.Debug|Any CPU.ActiveCfg = Debug|Any CPU
		{7372E0BD-A0A5-5B78-C8C6-3EC7C4996E16}.Debug|Any CPU.Build.0 = Debug|Any CPU
		{7372E0BD-A0A5-5B78-C8C6-3EC7C4996E16}.Release|Any CPU.ActiveCfg = Release|Any CPU
		{7372E0BD-A0A5-5B78-C8C6-3EC7C4996E16}.Release|Any CPU.Build.0 = Release|Any CPU
	EndGlobalSection
	GlobalSection(SolutionProperties) = preSolution
		HideSolutionNode = FALSE
	EndGlobalSection
	GlobalSection(ExtensibilityGlobals) = postSolution
		SolutionGuid = {06DCDEE5-9EED-469E-8F56-7FDC3BD82476}
	EndGlobalSection
EndGlobal
